
Microsoft Visual Studio Solution File, Format Version 12.00
# Visual Studio Version 16
VisualStudioVersion = 16.0.28705.295
MinimumVisualStudioVersion = 10.0.40219.1
Project("{2150E333-8FDC-42A3-9474-1A3956D46DE8}") = "Ders1", "Ders1", "{5604A71A-5626-4BEC-82EE-51B29564BEB9}"
EndProject
Project("{9A19103F-16F7-4668-BE54-9A1E7A4F7556}") = "CoreGiris", "CoreGiris\CoreGiris.csproj", "{1B585EFE-F1E5-43E1-8A16-C0297D9458ED}"
EndProject
Project("{2150E333-8FDC-42A3-9474-1A3956D46DE8}") = "Ders2", "Ders2", "{7CDF21A5-21AE-4528-8AD8-DDE3FEE47D39}"
EndProject
Project("{9A19103F-16F7-4668-BE54-9A1E7A4F7556}") = "IdentityCore", "IdentityCore\IdentityCore.csproj", "{77E7A0C1-717B-4AE5-91AF-FAD3BB7EAA40}"
EndProject
Project("{2150E333-8FDC-42A3-9474-1A3956D46DE8}") = "Ders3", "Ders3", "{64CAC477-C9ED-40CB-84D7-F55DD2F87B34}"
EndProject
Project("{FAE04EC0-301F-11D3-BF4B-00C04F79EFBC}") = "Kuzey.UI.Web", "Kuzey.UI.Web\Kuzey.UI.Web.csproj", "{5F51BF46-FCB3-4E89-A062-B337D07A8141}"
EndProject
Project("{FAE04EC0-301F-11D3-BF4B-00C04F79EFBC}") = "Kuzey.Models", "Kuzey.Models\Kuzey.Models.csproj", "{5B9C6367-3D63-4103-9901-B3D8A9F30920}"
EndProject
Project("{FAE04EC0-301F-11D3-BF4B-00C04F79EFBC}") = "Kuzey.DAL", "Kuzey.DAL\Kuzey.DAL.csproj", "{95B4E946-CE3B-45EA-ADC7-A615775CD9A7}"
EndProject
Project("{FAE04EC0-301F-11D3-BF4B-00C04F79EFBC}") = "Kuzey.BLL", "Kuzey.BLL\Kuzey.BLL.csproj", "{BD7C47FB-6CC6-458D-B138-72F4401FC13B}"
EndProject
Global
	GlobalSection(SolutionConfigurationPlatforms) = preSolution
		Debug|Any CPU = Debug|Any CPU
		Release|Any CPU = Release|Any CPU
	EndGlobalSection
	GlobalSection(ProjectConfigurationPlatforms) = postSolution
		{1B585EFE-F1E5-43E1-8A16-C0297D9458ED}.Debug|Any CPU.ActiveCfg = Debug|Any CPU
		{1B585EFE-F1E5-43E1-8A16-C0297D9458ED}.Debug|Any CPU.Build.0 = Debug|Any CPU
		{1B585EFE-F1E5-43E1-8A16-C0297D9458ED}.Release|Any CPU.ActiveCfg = Release|Any CPU
		{1B585EFE-F1E5-43E1-8A16-C0297D9458ED}.Release|Any CPU.Build.0 = Release|Any CPU
		{77E7A0C1-717B-4AE5-91AF-FAD3BB7EAA40}.Debug|Any CPU.ActiveCfg = Debug|Any CPU
		{77E7A0C1-717B-4AE5-91AF-FAD3BB7EAA40}.Debug|Any CPU.Build.0 = Debug|Any CPU
		{77E7A0C1-717B-4AE5-91AF-FAD3BB7EAA40}.Release|Any CPU.ActiveCfg = Release|Any CPU
		{77E7A0C1-717B-4AE5-91AF-FAD3BB7EAA40}.Release|Any CPU.Build.0 = Release|Any CPU
		{5F51BF46-FCB3-4E89-A062-B337D07A8141}.Debug|Any CPU.ActiveCfg = Debug|Any CPU
		{5F51BF46-FCB3-4E89-A062-B337D07A8141}.Debug|Any CPU.Build.0 = Debug|Any CPU
		{5F51BF46-FCB3-4E89-A062-B337D07A8141}.Release|Any CPU.ActiveCfg = Release|Any CPU
		{5F51BF46-FCB3-4E89-A062-B337D07A8141}.Release|Any CPU.Build.0 = Release|Any CPU
		{5B9C6367-3D63-4103-9901-B3D8A9F30920}.Debug|Any CPU.ActiveCfg = Debug|Any CPU
		{5B9C6367-3D63-4103-9901-B3D8A9F30920}.Debug|Any CPU.Build.0 = Debug|Any CPU
		{5B9C6367-3D63-4103-9901-B3D8A9F30920}.Release|Any CPU.ActiveCfg = Release|Any CPU
		{5B9C6367-3D63-4103-9901-B3D8A9F30920}.Release|Any CPU.Build.0 = Release|Any CPU
		{95B4E946-CE3B-45EA-ADC7-A615775CD9A7}.Debug|Any CPU.ActiveCfg = Debug|Any CPU
		{95B4E946-CE3B-45EA-ADC7-A615775CD9A7}.Debug|Any CPU.Build.0 = Debug|Any CPU
		{95B4E946-CE3B-45EA-ADC7-A615775CD9A7}.Release|Any CPU.ActiveCfg = Release|Any CPU
		{95B4E946-CE3B-45EA-ADC7-A615775CD9A7}.Release|Any CPU.Build.0 = Release|Any CPU
		{BD7C47FB-6CC6-458D-B138-72F4401FC13B}.Debug|Any CPU.ActiveCfg = Debug|Any CPU
		{BD7C47FB-6CC6-458D-B138-72F4401FC13B}.Debug|Any CPU.Build.0 = Debug|Any CPU
		{BD7C47FB-6CC6-458D-B138-72F4401FC13B}.Release|Any CPU.ActiveCfg = Release|Any CPU
		{BD7C47FB-6CC6-458D-B138-72F4401FC13B}.Release|Any CPU.Build.0 = Release|Any CPU
	EndGlobalSection
	GlobalSection(SolutionProperties) = preSolution
		HideSolutionNode = FALSE
	EndGlobalSection
	GlobalSection(NestedProjects) = preSolution
		{1B585EFE-F1E5-43E1-8A16-C0297D9458ED} = {5604A71A-5626-4BEC-82EE-51B29564BEB9}
		{77E7A0C1-717B-4AE5-91AF-FAD3BB7EAA40} = {7CDF21A5-21AE-4528-8AD8-DDE3FEE47D39}
		{5F51BF46-FCB3-4E89-A062-B337D07A8141} = {64CAC477-C9ED-40CB-84D7-F55DD2F87B34}
		{5B9C6367-3D63-4103-9901-B3D8A9F30920} = {64CAC477-C9ED-40CB-84D7-F55DD2F87B34}
		{95B4E946-CE3B-45EA-ADC7-A615775CD9A7} = {64CAC477-C9ED-40CB-84D7-F55DD2F87B34}
		{BD7C47FB-6CC6-458D-B138-72F4401FC13B} = {64CAC477-C9ED-40CB-84D7-F55DD2F87B34}
	EndGlobalSection
	GlobalSection(ExtensibilityGlobals) = postSolution
		SolutionGuid = {1732BCB7-1C08-4A54-8815-71F018AB5021}
	EndGlobalSection
EndGlobal
